
Microsoft Visual Studio Solution File, Format Version 12.00
# Visual Studio Version 17
VisualStudioVersion = 17.3.32929.385
MinimumVisualStudioVersion = 10.0.40219.1
Project("{9A19103F-16F7-4668-BE54-9A1E7A4F7556}") = "_14_CreateDialogWinForms", "_14_CreateDialogWinForms\_14_CreateDialogWinForms.csproj", "{AE47FDDC-5204-4071-8179-30956DEDC518}"
EndProject
Global
	GlobalSection(SolutionConfigurationPlatforms) = preSolution
		Debug|Any CPU = Debug|Any CPU
		Release|Any CPU = Release|Any CPU
	EndGlobalSection
	GlobalSection(ProjectConfigurationPlatforms) = postSolution
		{AE47FDDC-5204-4071-8179-30956DEDC518}.Debug|Any CPU.ActiveCfg = Debug|Any CPU
		{AE47FDDC-5204-4071-8179-30956DEDC518}.Debug|Any CPU.Build.0 = Debug|Any CPU
		{AE47FDDC-5204-4071-8179-30956DEDC518}.Release|Any CPU.ActiveCfg = Release|Any CPU
		{AE47FDDC-5204-4071-8179-30956DEDC518}.Release|Any CPU.Build.0 = Release|Any CPU
	EndGlobalSection
	GlobalSection(SolutionProperties) = preSolution
		HideSolutionNode = FALSE
	EndGlobalSection
	GlobalSection(ExtensibilityGlobals) = postSolution
		SolutionGuid = {089618B9-7992-4247-A03F-CB355812F9BB}
	EndGlobalSection
EndGlobal
